
Microsoft Visual Studio Solution File, Format Version 12.00
# Visual Studio 15
VisualStudioVersion = 15.0.28010.2048
MinimumVisualStudioVersion = 10.0.40219.1
Project("{FAE04EC0-301F-11D3-BF4B-00C04F79EFBC}") = "SkypeIOT", "SkypeIOT\SkypeIOT.csproj", "{BB76FF17-09F6-496E-A0A7-A807AFA34323}"
EndProject
Global
	GlobalSection(SolutionConfigurationPlatforms) = preSolution
		Debug|Any CPU = Debug|Any CPU
		Release|Any CPU = Release|Any CPU
	EndGlobalSection
	GlobalSection(ProjectConfigurationPlatforms) = postSolution
		{BB76FF17-09F6-496E-A0A7-A807AFA34323}.Debug|Any CPU.ActiveCfg = Debug|Any CPU
		{BB76FF17-09F6-496E-A0A7-A807AFA34323}.Debug|Any CPU.Build.0 = Debug|Any CPU
		{BB76FF17-09F6-496E-A0A7-A807AFA34323}.Release|Any CPU.ActiveCfg = Release|Any CPU
		{BB76FF17-09F6-496E-A0A7-A807AFA34323}.Release|Any CPU.Build.0 = Release|Any CPU
	EndGlobalSection
	GlobalSection(SolutionProperties) = preSolution
		HideSolutionNode = FALSE
	EndGlobalSection
	GlobalSection(ExtensibilityGlobals) = postSolution
		SolutionGuid = {EA8CE5CD-ED95-4DBA-9F2C-158B55A981E2}
	EndGlobalSection
EndGlobal
