
Microsoft Visual Studio Solution File, Format Version 12.00
# Visual Studio 15
VisualStudioVersion = 15.0.28010.2048
MinimumVisualStudioVersion = 10.0.40219.1
Project("{FAE04EC0-301F-11D3-BF4B-00C04F79EFBC}") = "VoiceAutomationPC", "VoiceAutomationPC\VoiceAutomationPC.csproj", "{F1FEE956-6A91-4845-B5EA-44D17A3B172F}"
EndProject
Project("{FAE04EC0-301F-11D3-BF4B-00C04F79EFBC}") = "ProcessExperiments", "ProcessExperiments\ProcessExperiments.csproj", "{A42FB4DA-971C-4697-BA60-35C9B4CAC935}"
EndProject
Global
	GlobalSection(SolutionConfigurationPlatforms) = preSolution
		Debug|Any CPU = Debug|Any CPU
		Release|Any CPU = Release|Any CPU
	EndGlobalSection
	GlobalSection(ProjectConfigurationPlatforms) = postSolution
		{F1FEE956-6A91-4845-B5EA-44D17A3B172F}.Debug|Any CPU.ActiveCfg = Debug|Any CPU
		{F1FEE956-6A91-4845-B5EA-44D17A3B172F}.Debug|Any CPU.Build.0 = Debug|Any CPU
		{F1FEE956-6A91-4845-B5EA-44D17A3B172F}.Release|Any CPU.ActiveCfg = Release|Any CPU
		{F1FEE956-6A91-4845-B5EA-44D17A3B172F}.Release|Any CPU.Build.0 = Release|Any CPU
		{A42FB4DA-971C-4697-BA60-35C9B4CAC935}.Debug|Any CPU.ActiveCfg = Debug|Any CPU
		{A42FB4DA-971C-4697-BA60-35C9B4CAC935}.Debug|Any CPU.Build.0 = Debug|Any CPU
		{A42FB4DA-971C-4697-BA60-35C9B4CAC935}.Release|Any CPU.ActiveCfg = Release|Any CPU
		{A42FB4DA-971C-4697-BA60-35C9B4CAC935}.Release|Any CPU.Build.0 = Release|Any CPU
	EndGlobalSection
	GlobalSection(SolutionProperties) = preSolution
		HideSolutionNode = FALSE
	EndGlobalSection
	GlobalSection(ExtensibilityGlobals) = postSolution
		SolutionGuid = {FDF83923-2FB8-4C29-9142-64C86B2A544F}
	EndGlobalSection
EndGlobal
